
Microsoft Visual Studio Solution File, Format Version 12.00
# Visual Studio Version 17
VisualStudioVersion = 17.6.33829.357
MinimumVisualStudioVersion = 10.0.40219.1
Project("{2150E333-8FDC-42A3-9474-1A3956D46DE8}") = "Core", "Core", "{5AD88069-F999-4921-93BE-4BBBAAC4065A}"
EndProject
Project("{9A19103F-16F7-4668-BE54-9A1E7A4F7556}") = "ETicaretAPI.Domain", "Core\ETicaretAPI.Domain\ETicaretAPI.Domain.csproj", "{6012FBB1-E594-4D0E-A896-CD20E82011C2}"
EndProject
Project("{9A19103F-16F7-4668-BE54-9A1E7A4F7556}") = "ETicaretAPI.Application", "Core\ETicaretAPI.Application\ETicaretAPI.Application.csproj", "{123E2997-7404-493E-AC30-F638B626BC11}"
EndProject
Project("{2150E333-8FDC-42A3-9474-1A3956D46DE8}") = "Infrastructure", "Infrastructure", "{9FAFF924-A0E0-42F7-8174-EA103ED5AFA7}"
EndProject
Project("{9A19103F-16F7-4668-BE54-9A1E7A4F7556}") = "ETicaretAPI.Infrastructure", "Infrastructure\ETicaretAPI.Infrastructure\ETicaretAPI.Infrastructure.csproj", "{4AC9D800-1D41-4397-9C5D-4AA2160788C0}"
EndProject
Project("{9A19103F-16F7-4668-BE54-9A1E7A4F7556}") = "ETicaretAPI.Persistence", "Infrastructure\ETicaretAPI.Persistence\ETicaretAPI.Persistence.csproj", "{230B6A90-C28E-4AA6-AA95-7ED88D43AABD}"
EndProject
Project("{2150E333-8FDC-42A3-9474-1A3956D46DE8}") = "Presentation", "Presentation", "{76796BEF-5540-4A89-9EFC-C433E871DC1A}"
EndProject
Project("{9A19103F-16F7-4668-BE54-9A1E7A4F7556}") = "ETicaretAPI.API", "Presentation\ETicaretAPI.API\ETicaretAPI.API.csproj", "{CD90288E-5665-4D54-A558-67B377D08C7B}"
EndProject
Project("{FAE04EC0-301F-11D3-BF4B-00C04F79EFBC}") = "ETicaretAPI.SignalR", "Infrastructure\ETicaretAPI.SignalR\ETicaretAPI.SignalR.csproj", "{F5BB0F71-2C25-4FF4-B2CF-DA7E26BD96A5}"
EndProject
Global
	GlobalSection(SolutionConfigurationPlatforms) = preSolution
		Debug|Any CPU = Debug|Any CPU
		Release|Any CPU = Release|Any CPU
	EndGlobalSection
	GlobalSection(ProjectConfigurationPlatforms) = postSolution
		{6012FBB1-E594-4D0E-A896-CD20E82011C2}.Debug|Any CPU.ActiveCfg = Debug|Any CPU
		{6012FBB1-E594-4D0E-A896-CD20E82011C2}.Debug|Any CPU.Build.0 = Debug|Any CPU
		{6012FBB1-E594-4D0E-A896-CD20E82011C2}.Release|Any CPU.ActiveCfg = Release|Any CPU
		{6012FBB1-E594-4D0E-A896-CD20E82011C2}.Release|Any CPU.Build.0 = Release|Any CPU
		{123E2997-7404-493E-AC30-F638B626BC11}.Debug|Any CPU.ActiveCfg = Debug|Any CPU
		{123E2997-7404-493E-AC30-F638B626BC11}.Debug|Any CPU.Build.0 = Debug|Any CPU
		{123E2997-7404-493E-AC30-F638B626BC11}.Release|Any CPU.ActiveCfg = Release|Any CPU
		{123E2997-7404-493E-AC30-F638B626BC11}.Release|Any CPU.Build.0 = Release|Any CPU
		{4AC9D800-1D41-4397-9C5D-4AA2160788C0}.Debug|Any CPU.ActiveCfg = Debug|Any CPU
		{4AC9D800-1D41-4397-9C5D-4AA2160788C0}.Debug|Any CPU.Build.0 = Debug|Any CPU
		{4AC9D800-1D41-4397-9C5D-4AA2160788C0}.Release|Any CPU.ActiveCfg = Release|Any CPU
		{4AC9D800-1D41-4397-9C5D-4AA2160788C0}.Release|Any CPU.Build.0 = Release|Any CPU
		{230B6A90-C28E-4AA6-AA95-7ED88D43AABD}.Debug|Any CPU.ActiveCfg = Debug|Any CPU
		{230B6A90-C28E-4AA6-AA95-7ED88D43AABD}.Debug|Any CPU.Build.0 = Debug|Any CPU
		{230B6A90-C28E-4AA6-AA95-7ED88D43AABD}.Release|Any CPU.ActiveCfg = Release|Any CPU
		{230B6A90-C28E-4AA6-AA95-7ED88D43AABD}.Release|Any CPU.Build.0 = Release|Any CPU
		{CD90288E-5665-4D54-A558-67B377D08C7B}.Debug|Any CPU.ActiveCfg = Debug|Any CPU
		{CD90288E-5665-4D54-A558-67B377D08C7B}.Debug|Any CPU.Build.0 = Debug|Any CPU
		{CD90288E-5665-4D54-A558-67B377D08C7B}.Release|Any CPU.ActiveCfg = Release|Any CPU
		{CD90288E-5665-4D54-A558-67B377D08C7B}.Release|Any CPU.Build.0 = Release|Any CPU
		{F5BB0F71-2C25-4FF4-B2CF-DA7E26BD96A5}.Debug|Any CPU.ActiveCfg = Debug|Any CPU
		{F5BB0F71-2C25-4FF4-B2CF-DA7E26BD96A5}.Debug|Any CPU.Build.0 = Debug|Any CPU
		{F5BB0F71-2C25-4FF4-B2CF-DA7E26BD96A5}.Release|Any CPU.ActiveCfg = Release|Any CPU
		{F5BB0F71-2C25-4FF4-B2CF-DA7E26BD96A5}.Release|Any CPU.Build.0 = Release|Any CPU
	EndGlobalSection
	GlobalSection(SolutionProperties) = preSolution
		HideSolutionNode = FALSE
	EndGlobalSection
	GlobalSection(NestedProjects) = preSolution
		{6012FBB1-E594-4D0E-A896-CD20E82011C2} = {5AD88069-F999-4921-93BE-4BBBAAC4065A}
		{123E2997-7404-493E-AC30-F638B626BC11} = {5AD88069-F999-4921-93BE-4BBBAAC4065A}
		{4AC9D800-1D41-4397-9C5D-4AA2160788C0} = {9FAFF924-A0E0-42F7-8174-EA103ED5AFA7}
		{230B6A90-C28E-4AA6-AA95-7ED88D43AABD} = {9FAFF924-A0E0-42F7-8174-EA103ED5AFA7}
		{CD90288E-5665-4D54-A558-67B377D08C7B} = {76796BEF-5540-4A89-9EFC-C433E871DC1A}
		{F5BB0F71-2C25-4FF4-B2CF-DA7E26BD96A5} = {9FAFF924-A0E0-42F7-8174-EA103ED5AFA7}
	EndGlobalSection
	GlobalSection(ExtensibilityGlobals) = postSolution
		SolutionGuid = {0BF579FD-4FF0-4A9F-ADBA-16008C752A28}
	EndGlobalSection
EndGlobal
